// !$*UTF8*$!
{
	archiveVersion = 1;
	classes = {
	};
	objectVersion = 50;
	objects = {

/* Begin PBXBuildFile section */
		04D32F1B259251FD00069FC7 /* simpleAppApp.swift in Sources */ = {isa = PBXBuildFile; fileRef = 04D32F1A259251FD00069FC7 /* simpleAppApp.swift */; };
		04D32F1D259251FD00069FC7 /* ContentView.swift in Sources */ = {isa = PBXBuildFile; fileRef = 04D32F1C259251FD00069FC7 /* ContentView.swift */; };
		04D32F1F259251FF00069FC7 /* Assets.xcassets in Resources */ = {isa = PBXBuildFile; fileRef = 04D32F1E259251FF00069FC7 /* Assets.xcassets */; };
		04D32F22259251FF00069FC7 /* Preview Assets.xcassets in Resources */ = {isa = PBXBuildFile; fileRef = 04D32F21259251FF00069FC7 /* Preview Assets.xcassets */; };
		04D32F2D259251FF00069FC7 /* simpleAppTests.swift in Sources */ = {isa = PBXBuildFile; fileRef = 04D32F2C259251FF00069FC7 /* simpleAppTests.swift */; };
		04D32F38259251FF00069FC7 /* simpleAppUITests.swift in Sources */ = {isa = PBXBuildFile; fileRef = 04D32F37259251FF00069FC7 /* simpleAppUITests.swift */; };
/* End PBXBuildFile section */

/* Begin PBXContainerItemProxy section */
		04D32F29259251FF00069FC7 /* PBXContainerItemProxy */ = {
			isa = PBXContainerItemProxy;
			containerPortal = 04D32F0F259251FD00069FC7 /* Project object */;
			proxyType = 1;
			remoteGlobalIDString = 04D32F16259251FD00069FC7;
			remoteInfo = simpleApp;
		};
		04D32F34259251FF00069FC7 /* PBXContainerItemProxy */ = {
			isa = PBXContainerItemProxy;
			containerPortal = 04D32F0F259251FD00069FC7 /* Project object */;
			proxyType = 1;
			remoteGlobalIDString = 04D32F16259251FD00069FC7;
			remoteInfo = simpleApp;
		};
/* End PBXContainerItemProxy section */

/* Begin PBXFileReference section */
		04D32F17259251FD00069FC7 /* simpleApp.app */ = {isa = PBXFileReference; explicitFileType = wrapper.application; includeInIndex = 0; path = simpleApp.app; sourceTree = BUILT_PRODUCTS_DIR; };
		04D32F1A259251FD00069FC7 /* simpleAppApp.swift */ = {isa = PBXFileReference; lastKnownFileType = sourcecode.swift; path = simpleAppApp.swift; sourceTree = "<group>"; };
		04D32F1C259251FD00069FC7 /* ContentView.swift */ = {isa = PBXFileReference; lastKnownFileType = sourcecode.swift; path = ContentView.swift; sourceTree = "<group>"; };
		04D32F1E259251FF00069FC7 /* Assets.xcassets */ = {isa = PBXFileReference; lastKnownFileType = folder.assetcatalog; path = Assets.xcassets; sourceTree = "<group>"; };
		04D32F21259251FF00069FC7 /* Preview Assets.xcassets */ = {isa = PBXFileReference; lastKnownFileType = folder.assetcatalog; path = "Preview Assets.xcassets"; sourceTree = "<group>"; };
		04D32F23259251FF00069FC7 /* Info.plist */ = {isa = PBXFileReference; lastKnownFileType = text.plist.xml; path = Info.plist; sourceTree = "<group>"; };
		04D32F28259251FF00069FC7 /* simpleAppTests.xctest */ = {isa = PBXFileReference; explicitFileType = wrapper.cfbundle; includeInIndex = 0; path = simpleAppTests.xctest; sourceTree = BUILT_PRODUCTS_DIR; };
		04D32F2C259251FF00069FC7 /* simpleAppTests.swift */ = {isa = PBXFileReference; lastKnownFileType = sourcecode.swift; path = simpleAppTests.swift; sourceTree = "<group>"; };
		04D32F2E259251FF00069FC7 /* Info.plist */ = {isa = PBXFileReference; lastKnownFileType = text.plist.xml; path = Info.plist; sourceTree = "<group>"; };
		04D32F33259251FF00069FC7 /* simpleAppUITests.xctest */ = {isa = PBXFileReference; explicitFileType = wrapper.cfbundle; includeInIndex = 0; path = simpleAppUITests.xctest; sourceTree = BUILT_PRODUCTS_DIR; };
		04D32F37259251FF00069FC7 /* simpleAppUITests.swift */ = {isa = PBXFileReference; lastKnownFileType = sourcecode.swift; path = simpleAppUITests.swift; sourceTree = "<group>"; };
		04D32F39259251FF00069FC7 /* Info.plist */ = {isa = PBXFileReference; lastKnownFileType = text.plist.xml; path = Info.plist; sourceTree = "<group>"; };
/* End PBXFileReference section */

/* Begin PBXFrameworksBuildPhase section */
		04D32F14259251FD00069FC7 /* Frameworks */ = {
			isa = PBXFrameworksBuildPhase;
			buildActionMask = 2147483647;
			files = (
			);
			runOnlyForDeploymentPostprocessing = 0;
		};
		04D32F25259251FF00069FC7 /* Frameworks */ = {
			isa = PBXFrameworksBuildPhase;
			buildActionMask = 2147483647;
			files = (
			);
			runOnlyForDeploymentPostprocessing = 0;
		};
		04D32F30259251FF00069FC7 /* Frameworks */ = {
			isa = PBXFrameworksBuildPhase;
			buildActionMask = 2147483647;
			files = (
			);
			runOnlyForDeploymentPostprocessing = 0;
		};
/* End PBXFrameworksBuildPhase section */

/* Begin PBXGroup section */
		04D32F0E259251FD00069FC7 = {
			isa = PBXGroup;
			children = (
				04D32F19259251FD00069FC7 /* simpleApp */,
				04D32F2B259251FF00069FC7 /* simpleAppTests */,
				04D32F36259251FF00069FC7 /* simpleAppUITests */,
				04D32F18259251FD00069FC7 /* Products */,
			);
			sourceTree = "<group>";
		};
		04D32F18259251FD00069FC7 /* Products */ = {
			isa = PBXGroup;
			children = (
				04D32F17259251FD00069FC7 /* simpleApp.app */,
				04D32F28259251FF00069FC7 /* simpleAppTests.xctest */,
				04D32F33259251FF00069FC7 /* simpleAppUITests.xctest */,
			);
			name = Products;
			sourceTree = "<group>";
		};
		04D32F19259251FD00069FC7 /* simpleApp */ = {
			isa = PBXGroup;
			children = (
				04D32F1A259251FD00069FC7 /* simpleAppApp.swift */,
				04D32F1C259251FD00069FC7 /* ContentView.swift */,
				04D32F1E259251FF00069FC7 /* Assets.xcassets */,
				04D32F23259251FF00069FC7 /* Info.plist */,
				04D32F20259251FF00069FC7 /* Preview Content */,
			);
			path = simpleApp;
			sourceTree = "<group>";
		};
		04D32F20259251FF00069FC7 /* Preview Content */ = {
			isa = PBXGroup;
			children = (
				04D32F21259251FF00069FC7 /* Preview Assets.xcassets */,
			);
			path = "Preview Content";
			sourceTree = "<group>";
		};
		04D32F2B259251FF00069FC7 /* simpleAppTests */ = {
			isa = PBXGroup;
			children = (
				04D32F2C259251FF00069FC7 /* simpleAppTests.swift */,
				04D32F2E259251FF00069FC7 /* Info.plist */,
			);
			path = simpleAppTests;
			sourceTree = "<group>";
		};
		04D32F36259251FF00069FC7 /* simpleAppUITests */ = {
			isa = PBXGroup;
			children = (
				04D32F37259251FF00069FC7 /* simpleAppUITests.swift */,
				04D32F39259251FF00069FC7 /* Info.plist */,
			);
			path = simpleAppUITests;
			sourceTree = "<group>";
		};
/* End PBXGroup section */

/* Begin PBXNativeTarget section */
		04D32F16259251FD00069FC7 /* simpleApp */ = {
			isa = PBXNativeTarget;
			buildConfigurationList = 04D32F3C259251FF00069FC7 /* Build configuration list for PBXNativeTarget "simpleApp" */;
			buildPhases = (
				04D32F13259251FD00069FC7 /* Sources */,
				04D32F14259251FD00069FC7 /* Frameworks */,
				04D32F15259251FD00069FC7 /* Resources */,
			);
			buildRules = (
			);
			dependencies = (
			);
			name = simpleApp;
			productName = simpleApp;
			productReference = 04D32F17259251FD00069FC7 /* simpleApp.app */;
			productType = "com.apple.product-type.application";
		};
		04D32F27259251FF00069FC7 /* simpleAppTests */ = {
			isa = PBXNativeTarget;
			buildConfigurationList = 04D32F3F259251FF00069FC7 /* Build configuration list for PBXNativeTarget "simpleAppTests" */;
			buildPhases = (
				04D32F24259251FF00069FC7 /* Sources */,
				04D32F25259251FF00069FC7 /* Frameworks */,
				04D32F26259251FF00069FC7 /* Resources */,
			);
			buildRules = (
			);
			dependencies = (
				04D32F2A259251FF00069FC7 /* PBXTargetDependency */,
			);
			name = simpleAppTests;
			productName = simpleAppTests;
			productReference = 04D32F28259251FF00069FC7 /* simpleAppTests.xctest */;
			productType = "com.apple.product-type.bundle.unit-test";
		};
		04D32F32259251FF00069FC7 /* simpleAppUITests */ = {
			isa = PBXNativeTarget;
			buildConfigurationList = 04D32F42259251FF00069FC7 /* Build configuration list for PBXNativeTarget "simpleAppUITests" */;
			buildPhases = (
				04D32F2F259251FF00069FC7 /* Sources */,
				04D32F30259251FF00069FC7 /* Frameworks */,
				04D32F31259251FF00069FC7 /* Resources */,
			);
			buildRules = (
			);
			dependencies = (
				04D32F35259251FF00069FC7 /* PBXTargetDependency */,
			);
			name = simpleAppUITests;
			productName = simpleAppUITests;
			productReference = 04D32F33259251FF00069FC7 /* simpleAppUITests.xctest */;
			productType = "com.apple.product-type.bundle.ui-testing";
		};
/* End PBXNativeTarget section */

/* Begin PBXProject section */
		04D32F0F259251FD00069FC7 /* Project object */ = {
			isa = PBXProject;
			attributes = {
				LastSwiftUpdateCheck = 1200;
				LastUpgradeCheck = 1200;
				TargetAttributes = {
					04D32F16259251FD00069FC7 = {
						CreatedOnToolsVersion = 12.0;
					};
					04D32F27259251FF00069FC7 = {
						CreatedOnToolsVersion = 12.0;
						TestTargetID = 04D32F16259251FD00069FC7;
					};
					04D32F32259251FF00069FC7 = {
						CreatedOnToolsVersion = 12.0;
						TestTargetID = 04D32F16259251FD00069FC7;
					};
				};
			};
			buildConfigurationList = 04D32F12259251FD00069FC7 /* Build configuration list for PBXProject "simpleApp" */;
			compatibilityVersion = "Xcode 9.3";
			developmentRegion = en;
			hasScannedForEncodings = 0;
			knownRegions = (
				en,
				Base,
			);
			mainGroup = 04D32F0E259251FD00069FC7;
			productRefGroup = 04D32F18259251FD00069FC7 /* Products */;
			projectDirPath = "";
			projectRoot = "";
			targets = (
				04D32F16259251FD00069FC7 /* simpleApp */,
				04D32F27259251FF00069FC7 /* simpleAppTests */,
				04D32F32259251FF00069FC7 /* simpleAppUITests */,
			);
		};
/* End PBXProject section */

/* Begin PBXResourcesBuildPhase section */
		04D32F15259251FD00069FC7 /* Resources */ = {
			isa = PBXResourcesBuildPhase;
			buildActionMask = 2147483647;
			files = (
				04D32F22259251FF00069FC7 /* Preview Assets.xcassets in Resources */,
				04D32F1F259251FF00069FC7 /* Assets.xcassets in Resources */,
			);
			runOnlyForDeploymentPostprocessing = 0;
		};
		04D32F26259251FF00069FC7 /* Resources */ = {
			isa = PBXResourcesBuildPhase;
			buildActionMask = 2147483647;
			files = (
			);
			runOnlyForDeploymentPostprocessing = 0;
		};
		04D32F31259251FF00069FC7 /* Resources */ = {
			isa = PBXResourcesBuildPhase;
			buildActionMask = 2147483647;
			files = (
			);
			runOnlyForDeploymentPostprocessing = 0;
		};
/* End PBXResourcesBuildPhase section */

/* Begin PBXSourcesBuildPhase section */
		04D32F13259251FD00069FC7 /* Sources */ = {
			isa = PBXSourcesBuildPhase;
			buildActionMask = 2147483647;
			files = (
				04D32F1D259251FD00069FC7 /* ContentView.swift in Sources */,
				04D32F1B259251FD00069FC7 /* simpleAppApp.swift in Sources */,
			);
			runOnlyForDeploymentPostprocessing = 0;
		};
		04D32F24259251FF00069FC7 /* Sources */ = {
			isa = PBXSourcesBuildPhase;
			buildActionMask = 2147483647;
			files = (
				04D32F2D259251FF00069FC7 /* simpleAppTests.swift in Sources */,
			);
			runOnlyForDeploymentPostprocessing = 0;
		};
		04D32F2F259251FF00069FC7 /* Sources */ = {
			isa = PBXSourcesBuildPhase;
			buildActionMask = 2147483647;
			files = (
				04D32F38259251FF00069FC7 /* simpleAppUITests.swift in Sources */,
			);
			runOnlyForDeploymentPostprocessing = 0;
		};
/* End PBXSourcesBuildPhase section */

/* Begin PBXTargetDependency section */
		04D32F2A259251FF00069FC7 /* PBXTargetDependency */ = {
			isa = PBXTargetDependency;
			target = 04D32F16259251FD00069FC7 /* simpleApp */;
			targetProxy = 04D32F29259251FF00069FC7 /* PBXContainerItemProxy */;
		};
		04D32F35259251FF00069FC7 /* PBXTargetDependency */ = {
			isa = PBXTargetDependency;
			target = 04D32F16259251FD00069FC7 /* simpleApp */;
			targetProxy = 04D32F34259251FF00069FC7 /* PBXContainerItemProxy */;
		};
/* End PBXTargetDependency section */

/* Begin XCBuildConfiguration section */
		04D32F3A259251FF00069FC7 /* Debug */ = {
			isa = XCBuildConfiguration;
			buildSettings = {
				ALWAYS_SEARCH_USER_PATHS = NO;
				CLANG_ANALYZER_NONNULL = YES;
				CLANG_ANALYZER_NUMBER_OBJECT_CONVERSION = YES_AGGRESSIVE;
				CLANG_CXX_LANGUAGE_STANDARD = "gnu++14";
				CLANG_CXX_LIBRARY = "libc++";
				CLANG_ENABLE_MODULES = YES;
				CLANG_ENABLE_OBJC_ARC = YES;
				CLANG_ENABLE_OBJC_WEAK = YES;
				CLANG_WARN_BLOCK_CAPTURE_AUTORELEASING = YES;
				CLANG_WARN_BOOL_CONVERSION = YES;
				CLANG_WARN_COMMA = YES;
				CLANG_WARN_CONSTANT_CONVERSION = YES;
				CLANG_WARN_DEPRECATED_OBJC_IMPLEMENTATIONS = YES;
				CLANG_WARN_DIRECT_OBJC_ISA_USAGE = YES_ERROR;
				CLANG_WARN_DOCUMENTATION_COMMENTS = YES;
				CLANG_WARN_EMPTY_BODY = YES;
				CLANG_WARN_ENUM_CONVERSION = YES;
				CLANG_WARN_INFINITE_RECURSION = YES;
				CLANG_WARN_INT_CONVERSION = YES;
				CLANG_WARN_NON_LITERAL_NULL_CONVERSION = YES;
				CLANG_WARN_OBJC_IMPLICIT_RETAIN_SELF = YES;
				CLANG_WARN_OBJC_LITERAL_CONVERSION = YES;
				CLANG_WARN_OBJC_ROOT_CLASS = YES_ERROR;
				CLANG_WARN_QUOTED_INCLUDE_IN_FRAMEWORK_HEADER = YES;
				CLANG_WARN_RANGE_LOOP_ANALYSIS = YES;
				CLANG_WARN_STRICT_PROTOTYPES = YES;
				CLANG_WARN_SUSPICIOUS_MOVE = YES;
				CLANG_WARN_UNGUARDED_AVAILABILITY = YES_AGGRESSIVE;
				CLANG_WARN_UNREACHABLE_CODE = YES;
				CLANG_WARN__DUPLICATE_METHOD_MATCH = YES;
				COPY_PHASE_STRIP = NO;
				DEBUG_INFORMATION_FORMAT = dwarf;
				ENABLE_STRICT_OBJC_MSGSEND = YES;
				ENABLE_TESTABILITY = YES;
				GCC_C_LANGUAGE_STANDARD = gnu11;
				GCC_DYNAMIC_NO_PIC = NO;
				GCC_NO_COMMON_BLOCKS = YES;
				GCC_OPTIMIZATION_LEVEL = 0;
				GCC_PREPROCESSOR_DEFINITIONS = (
					"DEBUG=1",
					"$(inherited)",
				);
				GCC_WARN_64_TO_32_BIT_CONVERSION = YES;
				GCC_WARN_ABOUT_RETURN_TYPE = YES_ERROR;
				GCC_WARN_UNDECLARED_SELECTOR = YES;
				GCC_WARN_UNINITIALIZED_AUTOS = YES_AGGRESSIVE;
				GCC_WARN_UNUSED_FUNCTION = YES;
				GCC_WARN_UNUSED_VARIABLE = YES;
				IPHONEOS_DEPLOYMENT_TARGET = 14.0;
				MTL_ENABLE_DEBUG_INFO = INCLUDE_SOURCE;
				MTL_FAST_MATH = YES;
				ONLY_ACTIVE_ARCH = YES;
				SDKROOT = iphoneos;
				SWIFT_ACTIVE_COMPILATION_CONDITIONS = DEBUG;
				SWIFT_OPTIMIZATION_LEVEL = "-Onone";
			};
			name = Debug;
		};
		04D32F3B259251FF00069FC7 /* Release */ = {
			isa = XCBuildConfiguration;
			buildSettings = {
				ALWAYS_SEARCH_USER_PATHS = NO;
				CLANG_ANALYZER_NONNULL = YES;
				CLANG_ANALYZER_NUMBER_OBJECT_CONVERSION = YES_AGGRESSIVE;
				CLANG_CXX_LANGUAGE_STANDARD = "gnu++14";
				CLANG_CXX_LIBRARY = "libc++";
				CLANG_ENABLE_MODULES = YES;
				CLANG_ENABLE_OBJC_ARC = YES;
				CLANG_ENABLE_OBJC_WEAK = YES;
				CLANG_WARN_BLOCK_CAPTURE_AUTORELEASING = YES;
				CLANG_WARN_BOOL_CONVERSION = YES;
				CLANG_WARN_COMMA = YES;
				CLANG_WARN_CONSTANT_CONVERSION = YES;
				CLANG_WARN_DEPRECATED_OBJC_IMPLEMENTATIONS = YES;
				CLANG_WARN_DIRECT_OBJC_ISA_USAGE = YES_ERROR;
				CLANG_WARN_DOCUMENTATION_COMMENTS = YES;
				CLANG_WARN_EMPTY_BODY = YES;
				CLANG_WARN_ENUM_CONVERSION = YES;
				CLANG_WARN_INFINITE_RECURSION = YES;
				CLANG_WARN_INT_CONVERSION = YES;
				CLANG_WARN_NON_LITERAL_NULL_CONVERSION = YES;
				CLANG_WARN_OBJC_IMPLICIT_RETAIN_SELF = YES;
				CLANG_WARN_OBJC_LITERAL_CONVERSION = YES;
				CLANG_WARN_OBJC_ROOT_CLASS = YES_ERROR;
				CLANG_WARN_QUOTED_INCLUDE_IN_FRAMEWORK_HEADER = YES;
				CLANG_WARN_RANGE_LOOP_ANALYSIS = YES;
				CLANG_WARN_STRICT_PROTOTYPES = YES;
				CLANG_WARN_SUSPICIOUS_MOVE = YES;
				CLANG_WARN_UNGUARDED_AVAILABILITY = YES_AGGRESSIVE;
				CLANG_WARN_UNREACHABLE_CODE = YES;
				CLANG_WARN__DUPLICATE_METHOD_MATCH = YES;
				COPY_PHASE_STRIP = NO;
				DEBUG_INFORMATION_FORMAT = "dwarf-with-dsym";
				ENABLE_NS_ASSERTIONS = NO;
				ENABLE_STRICT_OBJC_MSGSEND = YES;
				GCC_C_LANGUAGE_STANDARD = gnu11;
				GCC_NO_COMMON_BLOCKS = YES;
				GCC_WARN_64_TO_32_BIT_CONVERSION = YES;
				GCC_WARN_ABOUT_RETURN_TYPE = YES_ERROR;
				GCC_WARN_UNDECLARED_SELECTOR = YES;
				GCC_WARN_UNINITIALIZED_AUTOS = YES_AGGRESSIVE;
				GCC_WARN_UNUSED_FUNCTION = YES;
				GCC_WARN_UNUSED_VARIABLE = YES;
				IPHONEOS_DEPLOYMENT_TARGET = 14.0;
				MTL_ENABLE_DEBUG_INFO = NO;
				MTL_FAST_MATH = YES;
				SDKROOT = iphoneos;
				SWIFT_COMPILATION_MODE = wholemodule;
				SWIFT_OPTIMIZATION_LEVEL = "-O";
				VALIDATE_PRODUCT = YES;
			};
			name = Release;
		};
		04D32F3D259251FF00069FC7 /* Debug */ = {
			isa = XCBuildConfiguration;
			buildSettings = {
				ASSETCATALOG_COMPILER_APPICON_NAME = AppIcon;
				ASSETCATALOG_COMPILER_GLOBAL_ACCENT_COLOR_NAME = AccentColor;
				CODE_SIGN_STYLE = Automatic;
				DEVELOPMENT_ASSET_PATHS = "\"simpleApp/Preview Content\"";
				DEVELOPMENT_TEAM = WWL37467BL;
				ENABLE_PREVIEWS = YES;
				INFOPLIST_FILE = simpleApp/Info.plist;
				IPHONEOS_DEPLOYMENT_TARGET = 14.0;
				LD_RUNPATH_SEARCH_PATHS = (
					"$(inherited)",
					"@executable_path/Frameworks",
				);
				PRODUCT_BUNDLE_IDENTIFIER = JackGschwendtner.simpleApp;
				PRODUCT_NAME = "$(TARGET_NAME)";
				SWIFT_VERSION = 5.0;
				TARGETED_DEVICE_FAMILY = "1,2";
			};
			name = Debug;
		};
		04D32F3E259251FF00069FC7 /* Release */ = {
			isa = XCBuildConfiguration;
			buildSettings = {
				ASSETCATALOG_COMPILER_APPICON_NAME = AppIcon;
				ASSETCATALOG_COMPILER_GLOBAL_ACCENT_COLOR_NAME = AccentColor;
				CODE_SIGN_STYLE = Automatic;
				DEVELOPMENT_ASSET_PATHS = "\"simpleApp/Preview Content\"";
				DEVELOPMENT_TEAM = WWL37467BL;
				ENABLE_PREVIEWS = YES;
				INFOPLIST_FILE = simpleApp/Info.plist;
				IPHONEOS_DEPLOYMENT_TARGET = 14.0;
				LD_RUNPATH_SEARCH_PATHS = (
					"$(inherited)",
					"@executable_path/Frameworks",
				);
				PRODUCT_BUNDLE_IDENTIFIER = JackGschwendtner.simpleApp;
				PRODUCT_NAME = "$(TARGET_NAME)";
				SWIFT_VERSION = 5.0;
				TARGETED_DEVICE_FAMILY = "1,2";
			};
			name = Release;
		};
		04D32F40259251FF00069FC7 /* Debug */ = {
			isa = XCBuildConfiguration;
			buildSettings = {
				ALWAYS_EMBED_SWIFT_STANDARD_LIBRARIES = YES;
				BUNDLE_LOADER = "$(TEST_HOST)";
				CODE_SIGN_STYLE = Automatic;
				DEVELOPMENT_TEAM = WWL37467BL;
				INFOPLIST_FILE = simpleAppTests/Info.plist;
				IPHONEOS_DEPLOYMENT_TARGET = 14.0;
				LD_RUNPATH_SEARCH_PATHS = (
					"$(inherited)",
					"@executable_path/Frameworks",
					"@loader_path/Frameworks",
				);
				PRODUCT_BUNDLE_IDENTIFIER = JackGschwendtner.simpleAppTests;
				PRODUCT_NAME = "$(TARGET_NAME)";
				SWIFT_VERSION = 5.0;
				TARGETED_DEVICE_FAMILY = "1,2";
				TEST_HOST = "$(BUILT_PRODUCTS_DIR)/simpleApp.app/simpleApp";
			};
			name = Debug;
		};
		04D32F41259251FF00069FC7 /* Release */ = {
			isa = XCBuildConfiguration;
			buildSettings = {
				ALWAYS_EMBED_SWIFT_STANDARD_LIBRARIES = YES;
				BUNDLE_LOADER = "$(TEST_HOST)";
				CODE_SIGN_STYLE = Automatic;
				DEVELOPMENT_TEAM = WWL37467BL;
				INFOPLIST_FILE = simpleAppTests/Info.plist;
				IPHONEOS_DEPLOYMENT_TARGET = 14.0;
				LD_RUNPATH_SEARCH_PATHS = (
					"$(inherited)",
					"@executable_path/Frameworks",
					"@loader_path/Frameworks",
				);
				PRODUCT_BUNDLE_IDENTIFIER = JackGschwendtner.simpleAppTests;
				PRODUCT_NAME = "$(TARGET_NAME)";
				SWIFT_VERSION = 5.0;
				TARGETED_DEVICE_FAMILY = "1,2";
				TEST_HOST = "$(BUILT_PRODUCTS_DIR)/simpleApp.app/simpleApp";
			};
			name = Release;
		};
		04D32F43259251FF00069FC7 /* Debug */ = {
			isa = XCBuildConfiguration;
			buildSettings = {
				ALWAYS_EMBED_SWIFT_STANDARD_LIBRARIES = YES;
				CODE_SIGN_STYLE = Automatic;
				DEVELOPMENT_TEAM = WWL37467BL;
				INFOPLIST_FILE = simpleAppUITests/Info.plist;
				LD_RUNPATH_SEARCH_PATHS = (
					"$(inherited)",
					"@executable_path/Frameworks",
					"@loader_path/Frameworks",
				);
				PRODUCT_BUNDLE_IDENTIFIER = JackGschwendtner.simpleAppUITests;
				PRODUCT_NAME = "$(TARGET_NAME)";
				SWIFT_VERSION = 5.0;
				TARGETED_DEVICE_FAMILY = "1,2";
				TEST_TARGET_NAME = simpleApp;
			};
			name = Debug;
		};
		04D32F44259251FF00069FC7 /* Release */ = {
			isa = XCBuildConfiguration;
			buildSettings = {
				ALWAYS_EMBED_SWIFT_STANDARD_LIBRARIES = YES;
				CODE_SIGN_STYLE = Automatic;
				DEVELOPMENT_TEAM = WWL37467BL;
				INFOPLIST_FILE = simpleAppUITests/Info.plist;
				LD_RUNPATH_SEARCH_PATHS = (
					"$(inherited)",
					"@executable_path/Frameworks",
					"@loader_path/Frameworks",
				);
				PRODUCT_BUNDLE_IDENTIFIER = JackGschwendtner.simpleAppUITests;
				PRODUCT_NAME = "$(TARGET_NAME)";
				SWIFT_VERSION = 5.0;
				TARGETED_DEVICE_FAMILY = "1,2";
				TEST_TARGET_NAME = simpleApp;
			};
			name = Release;
		};
/* End XCBuildConfiguration section */

/* Begin XCConfigurationList section */
		04D32F12259251FD00069FC7 /* Build configuration list for PBXProject "simpleApp" */ = {
			isa = XCConfigurationList;
			buildConfigurations = (
				04D32F3A259251FF00069FC7 /* Debug */,
				04D32F3B259251FF00069FC7 /* Release */,
			);
			defaultConfigurationIsVisible = 0;
			defaultConfigurationName = Release;
		};
		04D32F3C259251FF00069FC7 /* Build configuration list for PBXNativeTarget "simpleApp" */ = {
			isa = XCConfigurationList;
			buildConfigurations = (
				04D32F3D259251FF00069FC7 /* Debug */,
				04D32F3E259251FF00069FC7 /* Release */,
			);
			defaultConfigurationIsVisible = 0;
			defaultConfigurationName = Release;
		};
		04D32F3F259251FF00069FC7 /* Build configuration list for PBXNativeTarget "simpleAppTests" */ = {
			isa = XCConfigurationList;
			buildConfigurations = (
				04D32F40259251FF00069FC7 /* Debug */,
				04D32F41259251FF00069FC7 /* Release */,
			);
			defaultConfigurationIsVisible = 0;
			defaultConfigurationName = Release;
		};
		04D32F42259251FF00069FC7 /* Build configuration list for PBXNativeTarget "simpleAppUITests" */ = {
			isa = XCConfigurationList;
			buildConfigurations = (
				04D32F43259251FF00069FC7 /* Debug */,
				04D32F44259251FF00069FC7 /* Release */,
			);
			defaultConfigurationIsVisible = 0;
			defaultConfigurationName = Release;
		};
/* End XCConfigurationList section */
	};
	rootObject = 04D32F0F259251FD00069FC7 /* Project object */;
}
